
Microsoft Visual Studio Solution File, Format Version 12.00
# Visual Studio 2015
Project("{FAE04EC0-301F-11D3-BF4B-00C04F79EFBC}") = "ARFighter.CSharp", "ARFighter.CSharp.csproj", "{30CB58FC-5053-E559-A737-0B3DCD615251}"
EndProject
Project("{FAE04EC0-301F-11D3-BF4B-00C04F79EFBC}") = "ARFighter.CSharp.Editor", "ARFighter.CSharp.Editor.csproj", "{965D7EC2-7A50-A4EA-4581-AB92050FB12B}"
EndProject
Global
	GlobalSection(SolutionConfigurationPlatforms) = preSolution
		Debug|Any CPU = Debug|Any CPU
		Release|Any CPU = Release|Any CPU
	EndGlobalSection
	GlobalSection(ProjectConfigurationPlatforms) = postSolution
		{30CB58FC-5053-E559-A737-0B3DCD615251}.Debug|Any CPU.ActiveCfg = Debug|Any CPU
		{30CB58FC-5053-E559-A737-0B3DCD615251}.Debug|Any CPU.Build.0 = Debug|Any CPU
		{30CB58FC-5053-E559-A737-0B3DCD615251}.Release|Any CPU.ActiveCfg = Release|Any CPU
		{30CB58FC-5053-E559-A737-0B3DCD615251}.Release|Any CPU.Build.0 = Release|Any CPU
		{965D7EC2-7A50-A4EA-4581-AB92050FB12B}.Debug|Any CPU.ActiveCfg = Debug|Any CPU
		{965D7EC2-7A50-A4EA-4581-AB92050FB12B}.Debug|Any CPU.Build.0 = Debug|Any CPU
		{965D7EC2-7A50-A4EA-4581-AB92050FB12B}.Release|Any CPU.ActiveCfg = Release|Any CPU
		{965D7EC2-7A50-A4EA-4581-AB92050FB12B}.Release|Any CPU.Build.0 = Release|Any CPU
	EndGlobalSection
	GlobalSection(SolutionProperties) = preSolution
		HideSolutionNode = FALSE
	EndGlobalSection
EndGlobal
